
Microsoft Visual Studio Solution File, Format Version 12.00
# Visual Studio 14
VisualStudioVersion = 14.0.25420.1
MinimumVisualStudioVersion = 10.0.40219.1
Project("{2150E333-8FDC-42A3-9474-1A3956D46DE8}") = "src", "src", "{4F605E44-3E32-4EE2-8C86-440F6767CF05}"
EndProject
Project("{2150E333-8FDC-42A3-9474-1A3956D46DE8}") = "Solution Items", "Solution Items", "{56ED3A4C-B3DA-454A-B2E3-C5045647CA0C}"
	ProjectSection(SolutionItems) = preProject
		global.json = global.json
	EndProjectSection
EndProject
Project("{8BB2217D-0F2D-49D1-97BC-3654ED321F3B}") = "SandboxCore.Web", "src\SandboxCore.Web\SandboxCore.Web.xproj", "{68D64A02-DD0B-4886-AF7E-227DCE2D6FFC}"
EndProject
Project("{8BB2217D-0F2D-49D1-97BC-3654ED321F3B}") = "SandboxCore.Data", "src\SandboxCore.Data\SandboxCore.Data.xproj", "{0CD7E90E-C509-4BEA-9A55-DAC4BE4B9408}"
EndProject
Project("{2150E333-8FDC-42A3-9474-1A3956D46DE8}") = "test", "test", "{3C9A4E73-47F6-490A-B18E-EEF1EEDA68AE}"
EndProject
Project("{8BB2217D-0F2D-49D1-97BC-3654ED321F3B}") = "SandboxCore.Web.Tests", "SandboxCore.Web.Tests\SandboxCore.Web.Tests.xproj", "{19690A36-D1BF-455B-810B-8F4CCFC53566}"
EndProject
Project("{8BB2217D-0F2D-49D1-97BC-3654ED321F3B}") = "SandboxCore.Service", "src\SandboxCore.Service\SandboxCore.Service.xproj", "{4D0BDBB6-EB74-406A-96AC-CBB49CE445F3}"
EndProject
Project("{8BB2217D-0F2D-49D1-97BC-3654ED321F3B}") = "SandboxCore.Commands", "src\SandboxCore.Commands\SandboxCore.Commands.xproj", "{80301FAE-7511-4F1C-9ECD-0AC27CAE502B}"
EndProject
Project("{8BB2217D-0F2D-49D1-97BC-3654ED321F3B}") = "SandboxCore.Queries", "src\SandboxCore.Queries\SandboxCore.Queries.xproj", "{6FC8A879-C777-4E0E-9534-7E07060BCEFE}"
EndProject
Project("{8BB2217D-0F2D-49D1-97BC-3654ED321F3B}") = "SandboxCore.Projection.Tests", "SandboxCore.Projection.Tests\SandboxCore.Projection.Tests.xproj", "{CE4A94E6-ED7F-4006-B4CB-2243290A7B83}"
EndProject
Project("{8BB2217D-0F2D-49D1-97BC-3654ED321F3B}") = "SandboxCore.WebApi", "src\SandboxCore.WebApi\SandboxCore.WebApi.xproj", "{8A6DA70E-5B45-48D8-AC00-16ABEB9731E2}"
EndProject
Global
	GlobalSection(SolutionConfigurationPlatforms) = preSolution
		Debug|Any CPU = Debug|Any CPU
		Release|Any CPU = Release|Any CPU
	EndGlobalSection
	GlobalSection(ProjectConfigurationPlatforms) = postSolution
		{68D64A02-DD0B-4886-AF7E-227DCE2D6FFC}.Debug|Any CPU.ActiveCfg = Debug|Any CPU
		{68D64A02-DD0B-4886-AF7E-227DCE2D6FFC}.Debug|Any CPU.Build.0 = Debug|Any CPU
		{68D64A02-DD0B-4886-AF7E-227DCE2D6FFC}.Release|Any CPU.ActiveCfg = Release|Any CPU
		{68D64A02-DD0B-4886-AF7E-227DCE2D6FFC}.Release|Any CPU.Build.0 = Release|Any CPU
		{0CD7E90E-C509-4BEA-9A55-DAC4BE4B9408}.Debug|Any CPU.ActiveCfg = Debug|Any CPU
		{0CD7E90E-C509-4BEA-9A55-DAC4BE4B9408}.Debug|Any CPU.Build.0 = Debug|Any CPU
		{0CD7E90E-C509-4BEA-9A55-DAC4BE4B9408}.Release|Any CPU.ActiveCfg = Release|Any CPU
		{0CD7E90E-C509-4BEA-9A55-DAC4BE4B9408}.Release|Any CPU.Build.0 = Release|Any CPU
		{19690A36-D1BF-455B-810B-8F4CCFC53566}.Debug|Any CPU.ActiveCfg = Debug|Any CPU
		{19690A36-D1BF-455B-810B-8F4CCFC53566}.Debug|Any CPU.Build.0 = Debug|Any CPU
		{19690A36-D1BF-455B-810B-8F4CCFC53566}.Release|Any CPU.ActiveCfg = Release|Any CPU
		{19690A36-D1BF-455B-810B-8F4CCFC53566}.Release|Any CPU.Build.0 = Release|Any CPU
		{4D0BDBB6-EB74-406A-96AC-CBB49CE445F3}.Debug|Any CPU.ActiveCfg = Debug|Any CPU
		{4D0BDBB6-EB74-406A-96AC-CBB49CE445F3}.Debug|Any CPU.Build.0 = Debug|Any CPU
		{4D0BDBB6-EB74-406A-96AC-CBB49CE445F3}.Release|Any CPU.ActiveCfg = Release|Any CPU
		{4D0BDBB6-EB74-406A-96AC-CBB49CE445F3}.Release|Any CPU.Build.0 = Release|Any CPU
		{80301FAE-7511-4F1C-9ECD-0AC27CAE502B}.Debug|Any CPU.ActiveCfg = Debug|Any CPU
		{80301FAE-7511-4F1C-9ECD-0AC27CAE502B}.Debug|Any CPU.Build.0 = Debug|Any CPU
		{80301FAE-7511-4F1C-9ECD-0AC27CAE502B}.Release|Any CPU.ActiveCfg = Release|Any CPU
		{80301FAE-7511-4F1C-9ECD-0AC27CAE502B}.Release|Any CPU.Build.0 = Release|Any CPU
		{6FC8A879-C777-4E0E-9534-7E07060BCEFE}.Debug|Any CPU.ActiveCfg = Debug|Any CPU
		{6FC8A879-C777-4E0E-9534-7E07060BCEFE}.Debug|Any CPU.Build.0 = Debug|Any CPU
		{6FC8A879-C777-4E0E-9534-7E07060BCEFE}.Release|Any CPU.ActiveCfg = Release|Any CPU
		{6FC8A879-C777-4E0E-9534-7E07060BCEFE}.Release|Any CPU.Build.0 = Release|Any CPU
		{CE4A94E6-ED7F-4006-B4CB-2243290A7B83}.Debug|Any CPU.ActiveCfg = Debug|Any CPU
		{CE4A94E6-ED7F-4006-B4CB-2243290A7B83}.Debug|Any CPU.Build.0 = Debug|Any CPU
		{CE4A94E6-ED7F-4006-B4CB-2243290A7B83}.Release|Any CPU.ActiveCfg = Release|Any CPU
		{CE4A94E6-ED7F-4006-B4CB-2243290A7B83}.Release|Any CPU.Build.0 = Release|Any CPU
		{8A6DA70E-5B45-48D8-AC00-16ABEB9731E2}.Debug|Any CPU.ActiveCfg = Debug|Any CPU
		{8A6DA70E-5B45-48D8-AC00-16ABEB9731E2}.Debug|Any CPU.Build.0 = Debug|Any CPU
		{8A6DA70E-5B45-48D8-AC00-16ABEB9731E2}.Release|Any CPU.ActiveCfg = Release|Any CPU
		{8A6DA70E-5B45-48D8-AC00-16ABEB9731E2}.Release|Any CPU.Build.0 = Release|Any CPU
	EndGlobalSection
	GlobalSection(SolutionProperties) = preSolution
		HideSolutionNode = FALSE
	EndGlobalSection
	GlobalSection(NestedProjects) = preSolution
		{68D64A02-DD0B-4886-AF7E-227DCE2D6FFC} = {4F605E44-3E32-4EE2-8C86-440F6767CF05}
		{0CD7E90E-C509-4BEA-9A55-DAC4BE4B9408} = {4F605E44-3E32-4EE2-8C86-440F6767CF05}
		{19690A36-D1BF-455B-810B-8F4CCFC53566} = {3C9A4E73-47F6-490A-B18E-EEF1EEDA68AE}
		{4D0BDBB6-EB74-406A-96AC-CBB49CE445F3} = {4F605E44-3E32-4EE2-8C86-440F6767CF05}
		{80301FAE-7511-4F1C-9ECD-0AC27CAE502B} = {4F605E44-3E32-4EE2-8C86-440F6767CF05}
		{6FC8A879-C777-4E0E-9534-7E07060BCEFE} = {4F605E44-3E32-4EE2-8C86-440F6767CF05}
		{CE4A94E6-ED7F-4006-B4CB-2243290A7B83} = {3C9A4E73-47F6-490A-B18E-EEF1EEDA68AE}
		{8A6DA70E-5B45-48D8-AC00-16ABEB9731E2} = {4F605E44-3E32-4EE2-8C86-440F6767CF05}
	EndGlobalSection
EndGlobal
